// !$*UTF8*$!
{
	archiveVersion = 1;
	classes = {
	};
	objectVersion = 50;
	objects = {

/* Begin PBXBuildFile section */
		EB1A1253222043B000333303 /* AppDelegate.swift in Sources */ = {isa = PBXBuildFile; fileRef = EB1A1252222043B000333303 /* AppDelegate.swift */; };
		EB1A1258222043B000333303 /* Main.storyboard in Resources */ = {isa = PBXBuildFile; fileRef = EB1A1256222043B000333303 /* Main.storyboard */; };
		EB1A125A222043B300333303 /* Assets.xcassets in Resources */ = {isa = PBXBuildFile; fileRef = EB1A1259222043B300333303 /* Assets.xcassets */; };
		EB1A125D222043B300333303 /* LaunchScreen.storyboard in Resources */ = {isa = PBXBuildFile; fileRef = EB1A125B222043B300333303 /* LaunchScreen.storyboard */; };
		EB1A12682220553900333303 /* MapViewController.swift in Sources */ = {isa = PBXBuildFile; fileRef = EB1A12672220553900333303 /* MapViewController.swift */; };
		EB1A126A222055A300333303 /* ExperienceViewController.swift in Sources */ = {isa = PBXBuildFile; fileRef = EB1A1269222055A300333303 /* ExperienceViewController.swift */; };
		EB1A126C222056DF00333303 /* RecordViewController.swift in Sources */ = {isa = PBXBuildFile; fileRef = EB1A126B222056DF00333303 /* RecordViewController.swift */; };
		EB1A126E222057EA00333303 /* ExperienceModel.swift in Sources */ = {isa = PBXBuildFile; fileRef = EB1A126D222057EA00333303 /* ExperienceModel.swift */; };
		EB1A127022205ED400333303 /* ExperienceController.swift in Sources */ = {isa = PBXBuildFile; fileRef = EB1A126F22205ED400333303 /* ExperienceController.swift */; };
/* End PBXBuildFile section */

/* Begin PBXFileReference section */
		EB1A124F222043B000333303 /* Experience.app */ = {isa = PBXFileReference; explicitFileType = wrapper.application; includeInIndex = 0; path = Experience.app; sourceTree = BUILT_PRODUCTS_DIR; };
		EB1A1252222043B000333303 /* AppDelegate.swift */ = {isa = PBXFileReference; lastKnownFileType = sourcecode.swift; path = AppDelegate.swift; sourceTree = "<group>"; };
		EB1A1257222043B000333303 /* Base */ = {isa = PBXFileReference; lastKnownFileType = file.storyboard; name = Base; path = Base.lproj/Main.storyboard; sourceTree = "<group>"; };
		EB1A1259222043B300333303 /* Assets.xcassets */ = {isa = PBXFileReference; lastKnownFileType = folder.assetcatalog; path = Assets.xcassets; sourceTree = "<group>"; };
		EB1A125C222043B300333303 /* Base */ = {isa = PBXFileReference; lastKnownFileType = file.storyboard; name = Base; path = Base.lproj/LaunchScreen.storyboard; sourceTree = "<group>"; };
		EB1A125E222043B300333303 /* Info.plist */ = {isa = PBXFileReference; lastKnownFileType = text.plist.xml; path = Info.plist; sourceTree = "<group>"; };
		EB1A12672220553900333303 /* MapViewController.swift */ = {isa = PBXFileReference; lastKnownFileType = sourcecode.swift; path = MapViewController.swift; sourceTree = "<group>"; };
		EB1A1269222055A300333303 /* ExperienceViewController.swift */ = {isa = PBXFileReference; lastKnownFileType = sourcecode.swift; path = ExperienceViewController.swift; sourceTree = "<group>"; };
		EB1A126B222056DF00333303 /* RecordViewController.swift */ = {isa = PBXFileReference; lastKnownFileType = sourcecode.swift; path = RecordViewController.swift; sourceTree = "<group>"; };
		EB1A126D222057EA00333303 /* ExperienceModel.swift */ = {isa = PBXFileReference; lastKnownFileType = sourcecode.swift; path = ExperienceModel.swift; sourceTree = "<group>"; };
		EB1A126F22205ED400333303 /* ExperienceController.swift */ = {isa = PBXFileReference; lastKnownFileType = sourcecode.swift; path = ExperienceController.swift; sourceTree = "<group>"; };
/* End PBXFileReference section */

/* Begin PBXFrameworksBuildPhase section */
		EB1A124C222043B000333303 /* Frameworks */ = {
			isa = PBXFrameworksBuildPhase;
			buildActionMask = 2147483647;
			files = (
			);
			runOnlyForDeploymentPostprocessing = 0;
		};
/* End PBXFrameworksBuildPhase section */

/* Begin PBXGroup section */
		EB1A1246222043B000333303 = {
			isa = PBXGroup;
			children = (
				EB1A1251222043B000333303 /* Experience */,
				EB1A1250222043B000333303 /* Products */,
			);
			sourceTree = "<group>";
		};
		EB1A1250222043B000333303 /* Products */ = {
			isa = PBXGroup;
			children = (
				EB1A124F222043B000333303 /* Experience.app */,
			);
			name = Products;
			sourceTree = "<group>";
		};
		EB1A1251222043B000333303 /* Experience */ = {
			isa = PBXGroup;
			children = (
				EB1A1266222046C900333303 /* Model */,
				EB1A1265222046BE00333303 /* View Controller */,
				EB1A1264222046AE00333303 /* Model Controller */,
				EB1A1252222043B000333303 /* AppDelegate.swift */,
				EB1A1256222043B000333303 /* Main.storyboard */,
				EB1A1259222043B300333303 /* Assets.xcassets */,
				EB1A125B222043B300333303 /* LaunchScreen.storyboard */,
				EB1A125E222043B300333303 /* Info.plist */,
			);
			path = Experience;
			sourceTree = "<group>";
		};
		EB1A1264222046AE00333303 /* Model Controller */ = {
			isa = PBXGroup;
			children = (
				EB1A126F22205ED400333303 /* ExperienceController.swift */,
			);
			path = "Model Controller";
			sourceTree = "<group>";
		};
		EB1A1265222046BE00333303 /* View Controller */ = {
			isa = PBXGroup;
			children = (
				EB1A12672220553900333303 /* MapViewController.swift */,
				EB1A1269222055A300333303 /* ExperienceViewController.swift */,
				EB1A126B222056DF00333303 /* RecordViewController.swift */,
			);
			path = "View Controller";
			sourceTree = "<group>";
		};
		EB1A1266222046C900333303 /* Model */ = {
			isa = PBXGroup;
			children = (
				EB1A126D222057EA00333303 /* ExperienceModel.swift */,
			);
			path = Model;
			sourceTree = "<group>";
		};
/* End PBXGroup section */

/* Begin PBXNativeTarget section */
		EB1A124E222043B000333303 /* Experience */ = {
			isa = PBXNativeTarget;
			buildConfigurationList = EB1A1261222043B300333303 /* Build configuration list for PBXNativeTarget "Experience" */;
			buildPhases = (
				EB1A124B222043B000333303 /* Sources */,
				EB1A124C222043B000333303 /* Frameworks */,
				EB1A124D222043B000333303 /* Resources */,
			);
			buildRules = (
			);
			dependencies = (
			);
			name = Experience;
			productName = Experience;
			productReference = EB1A124F222043B000333303 /* Experience.app */;
			productType = "com.apple.product-type.application";
		};
/* End PBXNativeTarget section */

/* Begin PBXProject section */
		EB1A1247222043B000333303 /* Project object */ = {
			isa = PBXProject;
			attributes = {
				LastSwiftUpdateCheck = 1010;
				LastUpgradeCheck = 1010;
				ORGANIZATIONNAME = "Iyin Raphael";
				TargetAttributes = {
					EB1A124E222043B000333303 = {
						CreatedOnToolsVersion = 10.1;
					};
				};
			};
			buildConfigurationList = EB1A124A222043B000333303 /* Build configuration list for PBXProject "Experience" */;
			compatibilityVersion = "Xcode 9.3";
			developmentRegion = en;
			hasScannedForEncodings = 0;
			knownRegions = (
				en,
				Base,
			);
			mainGroup = EB1A1246222043B000333303;
			productRefGroup = EB1A1250222043B000333303 /* Products */;
			projectDirPath = "";
			projectRoot = "";
			targets = (
				EB1A124E222043B000333303 /* Experience */,
			);
		};
/* End PBXProject section */

/* Begin PBXResourcesBuildPhase section */
		EB1A124D222043B000333303 /* Resources */ = {
			isa = PBXResourcesBuildPhase;
			buildActionMask = 2147483647;
			files = (
				EB1A125D222043B300333303 /* LaunchScreen.storyboard in Resources */,
				EB1A125A222043B300333303 /* Assets.xcassets in Resources */,
				EB1A1258222043B000333303 /* Main.storyboard in Resources */,
			);
			runOnlyForDeploymentPostprocessing = 0;
		};
/* End PBXResourcesBuildPhase section */

/* Begin PBXSourcesBuildPhase section */
		EB1A124B222043B000333303 /* Sources */ = {
			isa = PBXSourcesBuildPhase;
			buildActionMask = 2147483647;
			files = (
				EB1A126A222055A300333303 /* ExperienceViewController.swift in Sources */,
				EB1A126E222057EA00333303 /* ExperienceModel.swift in Sources */,
				EB1A1253222043B000333303 /* AppDelegate.swift in Sources */,
				EB1A127022205ED400333303 /* ExperienceController.swift in Sources */,
				EB1A12682220553900333303 /* MapViewController.swift in Sources */,
				EB1A126C222056DF00333303 /* RecordViewController.swift in Sources */,
			);
			runOnlyForDeploymentPostprocessing = 0;
		};
/* End PBXSourcesBuildPhase section */

/* Begin PBXVariantGroup section */
		EB1A1256222043B000333303 /* Main.storyboard */ = {
			isa = PBXVariantGroup;
			children = (
				EB1A1257222043B000333303 /* Base */,
			);
			name = Main.storyboard;
			sourceTree = "<group>";
		};
		EB1A125B222043B300333303 /* LaunchScreen.storyboard */ = {
			isa = PBXVariantGroup;
			children = (
				EB1A125C222043B300333303 /* Base */,
			);
			name = LaunchScreen.storyboard;
			sourceTree = "<group>";
		};
/* End PBXVariantGroup section */

/* Begin XCBuildConfiguration section */
		EB1A125F222043B300333303 /* Debug */ = {
			isa = XCBuildConfiguration;
			buildSettings = {
				ALWAYS_SEARCH_USER_PATHS = NO;
				CLANG_ANALYZER_NONNULL = YES;
				CLANG_ANALYZER_NUMBER_OBJECT_CONVERSION = YES_AGGRESSIVE;
				CLANG_CXX_LANGUAGE_STANDARD = "gnu++14";
				CLANG_CXX_LIBRARY = "libc++";
				CLANG_ENABLE_MODULES = YES;
				CLANG_ENABLE_OBJC_ARC = YES;
				CLANG_ENABLE_OBJC_WEAK = YES;
				CLANG_WARN_BLOCK_CAPTURE_AUTORELEASING = YES;
				CLANG_WARN_BOOL_CONVERSION = YES;
				CLANG_WARN_COMMA = YES;
				CLANG_WARN_CONSTANT_CONVERSION = YES;
				CLANG_WARN_DEPRECATED_OBJC_IMPLEMENTATIONS = YES;
				CLANG_WARN_DIRECT_OBJC_ISA_USAGE = YES_ERROR;
				CLANG_WARN_DOCUMENTATION_COMMENTS = YES;
				CLANG_WARN_EMPTY_BODY = YES;
				CLANG_WARN_ENUM_CONVERSION = YES;
				CLANG_WARN_INFINITE_RECURSION = YES;
				CLANG_WARN_INT_CONVERSION = YES;
				CLANG_WARN_NON_LITERAL_NULL_CONVERSION = YES;
				CLANG_WARN_OBJC_IMPLICIT_RETAIN_SELF = YES;
				CLANG_WARN_OBJC_LITERAL_CONVERSION = YES;
				CLANG_WARN_OBJC_ROOT_CLASS = YES_ERROR;
				CLANG_WARN_RANGE_LOOP_ANALYSIS = YES;
				CLANG_WARN_STRICT_PROTOTYPES = YES;
				CLANG_WARN_SUSPICIOUS_MOVE = YES;
				CLANG_WARN_UNGUARDED_AVAILABILITY = YES_AGGRESSIVE;
				CLANG_WARN_UNREACHABLE_CODE = YES;
				CLANG_WARN__DUPLICATE_METHOD_MATCH = YES;
				CODE_SIGN_IDENTITY = "iPhone Developer";
				COPY_PHASE_STRIP = NO;
				DEBUG_INFORMATION_FORMAT = dwarf;
				ENABLE_STRICT_OBJC_MSGSEND = YES;
				ENABLE_TESTABILITY = YES;
				GCC_C_LANGUAGE_STANDARD = gnu11;
				GCC_DYNAMIC_NO_PIC = NO;
				GCC_NO_COMMON_BLOCKS = YES;
				GCC_OPTIMIZATION_LEVEL = 0;
				GCC_PREPROCESSOR_DEFINITIONS = (
					"DEBUG=1",
					"$(inherited)",
				);
				GCC_WARN_64_TO_32_BIT_CONVERSION = YES;
				GCC_WARN_ABOUT_RETURN_TYPE = YES_ERROR;
				GCC_WARN_UNDECLARED_SELECTOR = YES;
				GCC_WARN_UNINITIALIZED_AUTOS = YES_AGGRESSIVE;
				GCC_WARN_UNUSED_FUNCTION = YES;
				GCC_WARN_UNUSED_VARIABLE = YES;
				IPHONEOS_DEPLOYMENT_TARGET = 12.1;
				MTL_ENABLE_DEBUG_INFO = INCLUDE_SOURCE;
				MTL_FAST_MATH = YES;
				ONLY_ACTIVE_ARCH = YES;
				SDKROOT = iphoneos;
				SWIFT_ACTIVE_COMPILATION_CONDITIONS = DEBUG;
				SWIFT_OPTIMIZATION_LEVEL = "-Onone";
			};
			name = Debug;
		};
		EB1A1260222043B300333303 /* Release */ = {
			isa = XCBuildConfiguration;
			buildSettings = {
				ALWAYS_SEARCH_USER_PATHS = NO;
				CLANG_ANALYZER_NONNULL = YES;
				CLANG_ANALYZER_NUMBER_OBJECT_CONVERSION = YES_AGGRESSIVE;
				CLANG_CXX_LANGUAGE_STANDARD = "gnu++14";
				CLANG_CXX_LIBRARY = "libc++";
				CLANG_ENABLE_MODULES = YES;
				CLANG_ENABLE_OBJC_ARC = YES;
				CLANG_ENABLE_OBJC_WEAK = YES;
				CLANG_WARN_BLOCK_CAPTURE_AUTORELEASING = YES;
				CLANG_WARN_BOOL_CONVERSION = YES;
				CLANG_WARN_COMMA = YES;
				CLANG_WARN_CONSTANT_CONVERSION = YES;
				CLANG_WARN_DEPRECATED_OBJC_IMPLEMENTATIONS = YES;
				CLANG_WARN_DIRECT_OBJC_ISA_USAGE = YES_ERROR;
				CLANG_WARN_DOCUMENTATION_COMMENTS = YES;
				CLANG_WARN_EMPTY_BODY = YES;
				CLANG_WARN_ENUM_CONVERSION = YES;
				CLANG_WARN_INFINITE_RECURSION = YES;
				CLANG_WARN_INT_CONVERSION = YES;
				CLANG_WARN_NON_LITERAL_NULL_CONVERSION = YES;
				CLANG_WARN_OBJC_IMPLICIT_RETAIN_SELF = YES;
				CLANG_WARN_OBJC_LITERAL_CONVERSION = YES;
				CLANG_WARN_OBJC_ROOT_CLASS = YES_ERROR;
				CLANG_WARN_RANGE_LOOP_ANALYSIS = YES;
				CLANG_WARN_STRICT_PROTOTYPES = YES;
				CLANG_WARN_SUSPICIOUS_MOVE = YES;
				CLANG_WARN_UNGUARDED_AVAILABILITY = YES_AGGRESSIVE;
				CLANG_WARN_UNREACHABLE_CODE = YES;
				CLANG_WARN__DUPLICATE_METHOD_MATCH = YES;
				CODE_SIGN_IDENTITY = "iPhone Developer";
				COPY_PHASE_STRIP = NO;
				DEBUG_INFORMATION_FORMAT = "dwarf-with-dsym";
				ENABLE_NS_ASSERTIONS = NO;
				ENABLE_STRICT_OBJC_MSGSEND = YES;
				GCC_C_LANGUAGE_STANDARD = gnu11;
				GCC_NO_COMMON_BLOCKS = YES;
				GCC_WARN_64_TO_32_BIT_CONVERSION = YES;
				GCC_WARN_ABOUT_RETURN_TYPE = YES_ERROR;
				GCC_WARN_UNDECLARED_SELECTOR = YES;
				GCC_WARN_UNINITIALIZED_AUTOS = YES_AGGRESSIVE;
				GCC_WARN_UNUSED_FUNCTION = YES;
				GCC_WARN_UNUSED_VARIABLE = YES;
				IPHONEOS_DEPLOYMENT_TARGET = 12.1;
				MTL_ENABLE_DEBUG_INFO = NO;
				MTL_FAST_MATH = YES;
				SDKROOT = iphoneos;
				SWIFT_COMPILATION_MODE = wholemodule;
				SWIFT_OPTIMIZATION_LEVEL = "-O";
				VALIDATE_PRODUCT = YES;
			};
			name = Release;
		};
		EB1A1262222043B300333303 /* Debug */ = {
			isa = XCBuildConfiguration;
			buildSettings = {
				ASSETCATALOG_COMPILER_APPICON_NAME = AppIcon;
				CODE_SIGN_STYLE = Automatic;
				DEVELOPMENT_TEAM = W6VGBGBJ68;
				INFOPLIST_FILE = Experience/Info.plist;
				LD_RUNPATH_SEARCH_PATHS = (
					"$(inherited)",
					"@executable_path/Frameworks",
				);
				PRODUCT_BUNDLE_IDENTIFIER = com.iyinraphael.Experience;
				PRODUCT_NAME = "$(TARGET_NAME)";
				SWIFT_VERSION = 4.2;
				TARGETED_DEVICE_FAMILY = "1,2";
			};
			name = Debug;
		};
		EB1A1263222043B300333303 /* Release */ = {
			isa = XCBuildConfiguration;
			buildSettings = {
				ASSETCATALOG_COMPILER_APPICON_NAME = AppIcon;
				CODE_SIGN_STYLE = Automatic;
				DEVELOPMENT_TEAM = W6VGBGBJ68;
				INFOPLIST_FILE = Experience/Info.plist;
				LD_RUNPATH_SEARCH_PATHS = (
					"$(inherited)",
					"@executable_path/Frameworks",
				);
				PRODUCT_BUNDLE_IDENTIFIER = com.iyinraphael.Experience;
				PRODUCT_NAME = "$(TARGET_NAME)";
				SWIFT_VERSION = 4.2;
				TARGETED_DEVICE_FAMILY = "1,2";
			};
			name = Release;
		};
/* End XCBuildConfiguration section */

/* Begin XCConfigurationList section */
		EB1A124A222043B000333303 /* Build configuration list for PBXProject "Experience" */ = {
			isa = XCConfigurationList;
			buildConfigurations = (
				EB1A125F222043B300333303 /* Debug */,
				EB1A1260222043B300333303 /* Release */,
			);
			defaultConfigurationIsVisible = 0;
			defaultConfigurationName = Release;
		};
		EB1A1261222043B300333303 /* Build configuration list for PBXNativeTarget "Experience" */ = {
			isa = XCConfigurationList;
			buildConfigurations = (
				EB1A1262222043B300333303 /* Debug */,
				EB1A1263222043B300333303 /* Release */,
			);
			defaultConfigurationIsVisible = 0;
			defaultConfigurationName = Release;
		};
/* End XCConfigurationList section */
	};
	rootObject = EB1A1247222043B000333303 /* Project object */;
}
